
Microsoft Visual Studio Solution File, Format Version 12.00
# Visual Studio Version 16
VisualStudioVersion = 16.0.30204.135
MinimumVisualStudioVersion = 10.0.40219.1
Project("{9A19103F-16F7-4668-BE54-9A1E7A4F7556}") = "Technology", "Technology\Technology.csproj", "{AC8D2920-7476-42AE-A0EE-996D80B2ABA8}"
EndProject
Project("{FAE04EC0-301F-11D3-BF4B-00C04F79EFBC}") = "TechnologyTests", "TechnologyTests\TechnologyTests.csproj", "{C0371827-EE8A-4962-8668-F112D0D63029}"
EndProject
Global
	GlobalSection(SolutionConfigurationPlatforms) = preSolution
		Debug|Any CPU = Debug|Any CPU
		Release|Any CPU = Release|Any CPU
	EndGlobalSection
	GlobalSection(ProjectConfigurationPlatforms) = postSolution
		{AC8D2920-7476-42AE-A0EE-996D80B2ABA8}.Debug|Any CPU.ActiveCfg = Debug|Any CPU
		{AC8D2920-7476-42AE-A0EE-996D80B2ABA8}.Debug|Any CPU.Build.0 = Debug|Any CPU
		{AC8D2920-7476-42AE-A0EE-996D80B2ABA8}.Release|Any CPU.ActiveCfg = Release|Any CPU
		{AC8D2920-7476-42AE-A0EE-996D80B2ABA8}.Release|Any CPU.Build.0 = Release|Any CPU
		{C0371827-EE8A-4962-8668-F112D0D63029}.Debug|Any CPU.ActiveCfg = Debug|Any CPU
		{C0371827-EE8A-4962-8668-F112D0D63029}.Debug|Any CPU.Build.0 = Debug|Any CPU
		{C0371827-EE8A-4962-8668-F112D0D63029}.Release|Any CPU.ActiveCfg = Release|Any CPU
		{C0371827-EE8A-4962-8668-F112D0D63029}.Release|Any CPU.Build.0 = Release|Any CPU
	EndGlobalSection
	GlobalSection(SolutionProperties) = preSolution
		HideSolutionNode = FALSE
	EndGlobalSection
	GlobalSection(ExtensibilityGlobals) = postSolution
		SolutionGuid = {C20EFD95-53A5-43F7-B95A-2327C3D4D588}
	EndGlobalSection
EndGlobal
